
Microsoft Visual Studio Solution File, Format Version 12.00
# Visual Studio 15
VisualStudioVersion = 15.0.27130.2027
MinimumVisualStudioVersion = 10.0.40219.1
Project("{FAE04EC0-301F-11D3-BF4B-00C04F79EFBC}") = "BSI.WebApi", "BSI.WebApi\BSI.WebApi.csproj", "{3AAF7639-1003-44CB-B39C-1CE3973D5C81}"
EndProject
Project("{FAE04EC0-301F-11D3-BF4B-00C04F79EFBC}") = "BSI.BusinessLogic.Interface", "BSI.BusinessLogic\BSI.BusinessLogic.Interface.csproj", "{3534E8BE-E5E6-41F9-9E97-17474FBA9637}"
EndProject
Project("{FAE04EC0-301F-11D3-BF4B-00C04F79EFBC}") = "BSI.AuthAdmin", "BSI.AuthAdmin\BSI.AuthAdmin.csproj", "{135160DB-4EC0-4AF8-9622-2C4C1F035F74}"
EndProject
Project("{FAE04EC0-301F-11D3-BF4B-00C04F79EFBC}") = "BSI.Monitoring", "BSI.Monitoring\BSI.Monitoring.csproj", "{2BBB7702-355F-482B-A495-47D207CA0092}"
EndProject
Project("{FAE04EC0-301F-11D3-BF4B-00C04F79EFBC}") = "BSI.Domain.Dto", "BSI.DomainDto\BSI.Domain.Dto.csproj", "{3B8E582B-F9F8-46A4-B436-C345C3F870CB}"
EndProject
Project("{FAE04EC0-301F-11D3-BF4B-00C04F79EFBC}") = "BSI.WebApi.Tests", "BSI.WebApi.Tests\BSI.WebApi.Tests.csproj", "{DC5501D0-39A7-441C-9323-DD721CD796AA}"
EndProject
Project("{FAE04EC0-301F-11D3-BF4B-00C04F79EFBC}") = "BSI.BusinessLogic.Interface.Tests", "BSI.BusinessLogic.Tests\BSI.BusinessLogic.Interface.Tests.csproj", "{ADAF2456-8DF4-4464-AC1E-14EAA1DC03E2}"
EndProject
Project("{FAE04EC0-301F-11D3-BF4B-00C04F79EFBC}") = "Bsi.Domain.Audit", "Bsi.Domain.Audit\Bsi.Domain.Audit.csproj", "{BA9D1F79-6F21-492C-A104-F6B9D1D2A3B4}"
EndProject
Project("{FAE04EC0-301F-11D3-BF4B-00C04F79EFBC}") = "BSI.Framework", "BSI.Framework\BSI.Framework.csproj", "{27A70285-71AF-4AAA-8906-BCDEEBF4065A}"
EndProject
Project("{FAE04EC0-301F-11D3-BF4B-00C04F79EFBC}") = "BSI.Domain", "BSI.Domain\BSI.Domain.csproj", "{3DDAA670-7439-4D7B-BCEA-7FEC6B044F89}"
EndProject
Global
	GlobalSection(SolutionConfigurationPlatforms) = preSolution
		Debug|Any CPU = Debug|Any CPU
		Release|Any CPU = Release|Any CPU
	EndGlobalSection
	GlobalSection(ProjectConfigurationPlatforms) = postSolution
		{3AAF7639-1003-44CB-B39C-1CE3973D5C81}.Debug|Any CPU.ActiveCfg = Debug|Any CPU
		{3AAF7639-1003-44CB-B39C-1CE3973D5C81}.Debug|Any CPU.Build.0 = Debug|Any CPU
		{3AAF7639-1003-44CB-B39C-1CE3973D5C81}.Release|Any CPU.ActiveCfg = Release|Any CPU
		{3AAF7639-1003-44CB-B39C-1CE3973D5C81}.Release|Any CPU.Build.0 = Release|Any CPU
		{3534E8BE-E5E6-41F9-9E97-17474FBA9637}.Debug|Any CPU.ActiveCfg = Debug|Any CPU
		{3534E8BE-E5E6-41F9-9E97-17474FBA9637}.Debug|Any CPU.Build.0 = Debug|Any CPU
		{3534E8BE-E5E6-41F9-9E97-17474FBA9637}.Release|Any CPU.ActiveCfg = Release|Any CPU
		{3534E8BE-E5E6-41F9-9E97-17474FBA9637}.Release|Any CPU.Build.0 = Release|Any CPU
		{135160DB-4EC0-4AF8-9622-2C4C1F035F74}.Debug|Any CPU.ActiveCfg = Debug|Any CPU
		{135160DB-4EC0-4AF8-9622-2C4C1F035F74}.Debug|Any CPU.Build.0 = Debug|Any CPU
		{135160DB-4EC0-4AF8-9622-2C4C1F035F74}.Release|Any CPU.ActiveCfg = Release|Any CPU
		{135160DB-4EC0-4AF8-9622-2C4C1F035F74}.Release|Any CPU.Build.0 = Release|Any CPU
		{2BBB7702-355F-482B-A495-47D207CA0092}.Debug|Any CPU.ActiveCfg = Debug|Any CPU
		{2BBB7702-355F-482B-A495-47D207CA0092}.Debug|Any CPU.Build.0 = Debug|Any CPU
		{2BBB7702-355F-482B-A495-47D207CA0092}.Release|Any CPU.ActiveCfg = Release|Any CPU
		{2BBB7702-355F-482B-A495-47D207CA0092}.Release|Any CPU.Build.0 = Release|Any CPU
		{3B8E582B-F9F8-46A4-B436-C345C3F870CB}.Debug|Any CPU.ActiveCfg = Debug|Any CPU
		{3B8E582B-F9F8-46A4-B436-C345C3F870CB}.Debug|Any CPU.Build.0 = Debug|Any CPU
		{3B8E582B-F9F8-46A4-B436-C345C3F870CB}.Release|Any CPU.ActiveCfg = Release|Any CPU
		{3B8E582B-F9F8-46A4-B436-C345C3F870CB}.Release|Any CPU.Build.0 = Release|Any CPU
		{DC5501D0-39A7-441C-9323-DD721CD796AA}.Debug|Any CPU.ActiveCfg = Debug|Any CPU
		{DC5501D0-39A7-441C-9323-DD721CD796AA}.Debug|Any CPU.Build.0 = Debug|Any CPU
		{DC5501D0-39A7-441C-9323-DD721CD796AA}.Release|Any CPU.ActiveCfg = Release|Any CPU
		{DC5501D0-39A7-441C-9323-DD721CD796AA}.Release|Any CPU.Build.0 = Release|Any CPU
		{ADAF2456-8DF4-4464-AC1E-14EAA1DC03E2}.Debug|Any CPU.ActiveCfg = Debug|Any CPU
		{ADAF2456-8DF4-4464-AC1E-14EAA1DC03E2}.Debug|Any CPU.Build.0 = Debug|Any CPU
		{ADAF2456-8DF4-4464-AC1E-14EAA1DC03E2}.Release|Any CPU.ActiveCfg = Release|Any CPU
		{ADAF2456-8DF4-4464-AC1E-14EAA1DC03E2}.Release|Any CPU.Build.0 = Release|Any CPU
		{BA9D1F79-6F21-492C-A104-F6B9D1D2A3B4}.Debug|Any CPU.ActiveCfg = Debug|Any CPU
		{BA9D1F79-6F21-492C-A104-F6B9D1D2A3B4}.Debug|Any CPU.Build.0 = Debug|Any CPU
		{BA9D1F79-6F21-492C-A104-F6B9D1D2A3B4}.Release|Any CPU.ActiveCfg = Release|Any CPU
		{BA9D1F79-6F21-492C-A104-F6B9D1D2A3B4}.Release|Any CPU.Build.0 = Release|Any CPU
		{27A70285-71AF-4AAA-8906-BCDEEBF4065A}.Debug|Any CPU.ActiveCfg = Debug|Any CPU
		{27A70285-71AF-4AAA-8906-BCDEEBF4065A}.Debug|Any CPU.Build.0 = Debug|Any CPU
		{27A70285-71AF-4AAA-8906-BCDEEBF4065A}.Release|Any CPU.ActiveCfg = Release|Any CPU
		{27A70285-71AF-4AAA-8906-BCDEEBF4065A}.Release|Any CPU.Build.0 = Release|Any CPU
		{3DDAA670-7439-4D7B-BCEA-7FEC6B044F89}.Debug|Any CPU.ActiveCfg = Debug|Any CPU
		{3DDAA670-7439-4D7B-BCEA-7FEC6B044F89}.Debug|Any CPU.Build.0 = Debug|Any CPU
		{3DDAA670-7439-4D7B-BCEA-7FEC6B044F89}.Release|Any CPU.ActiveCfg = Release|Any CPU
		{3DDAA670-7439-4D7B-BCEA-7FEC6B044F89}.Release|Any CPU.Build.0 = Release|Any CPU
	EndGlobalSection
	GlobalSection(SolutionProperties) = preSolution
		HideSolutionNode = FALSE
	EndGlobalSection
	GlobalSection(ExtensibilityGlobals) = postSolution
		SolutionGuid = {B5098E74-963C-452B-8554-80882E8F4DE9}
	EndGlobalSection
EndGlobal
